// !$*UTF8*$!
{
	archiveVersion = 1;
	classes = {
	};
	objectVersion = 46;
	objects = {

/* Begin PBXBuildFile section */
		EE7271CE14B6C848002A1520 /* main.cpp in Sources */ = {isa = PBXBuildFile; fileRef = EE7271CD14B6C848002A1520 /* main.cpp */; };
		EE7271D014B6C848002A1520 /* maioli.1 in CopyFiles */ = {isa = PBXBuildFile; fileRef = EE7271CF14B6C848002A1520 /* maioli.1 */; };
		EE7271DC14B6C8B7002A1520 /* PDU.cpp in Sources */ = {isa = PBXBuildFile; fileRef = EE7271DA14B6C8B7002A1520 /* PDU.cpp */; };
/* End PBXBuildFile section */

/* Begin PBXCopyFilesBuildPhase section */
		EE7271C714B6C848002A1520 /* CopyFiles */ = {
			isa = PBXCopyFilesBuildPhase;
			buildActionMask = 2147483647;
			dstPath = /usr/share/man/man1/;
			dstSubfolderSpec = 0;
			files = (
				EE7271D014B6C848002A1520 /* maioli.1 in CopyFiles */,
			);
			runOnlyForDeploymentPostprocessing = 1;
		};
/* End PBXCopyFilesBuildPhase section */

/* Begin PBXFileReference section */
		EE7271C914B6C848002A1520 /* maioli */ = {isa = PBXFileReference; explicitFileType = "compiled.mach-o.executable"; includeInIndex = 0; path = maioli; sourceTree = BUILT_PRODUCTS_DIR; };
		EE7271CD14B6C848002A1520 /* main.cpp */ = {isa = PBXFileReference; lastKnownFileType = sourcecode.cpp.cpp; path = main.cpp; sourceTree = "<group>"; };
		EE7271CF14B6C848002A1520 /* maioli.1 */ = {isa = PBXFileReference; lastKnownFileType = text.man; path = maioli.1; sourceTree = "<group>"; };
		EE7271DA14B6C8B7002A1520 /* PDU.cpp */ = {isa = PBXFileReference; fileEncoding = 4; lastKnownFileType = sourcecode.cpp.cpp; path = PDU.cpp; sourceTree = SOURCE_ROOT; };
		EE7271DB14B6C8B7002A1520 /* PDU.h */ = {isa = PBXFileReference; fileEncoding = 4; lastKnownFileType = sourcecode.c.h; path = PDU.h; sourceTree = SOURCE_ROOT; };
/* End PBXFileReference section */

/* Begin PBXFrameworksBuildPhase section */
		EE7271C614B6C848002A1520 /* Frameworks */ = {
			isa = PBXFrameworksBuildPhase;
			buildActionMask = 2147483647;
			files = (
			);
			runOnlyForDeploymentPostprocessing = 0;
		};
/* End PBXFrameworksBuildPhase section */

/* Begin PBXGroup section */
		EE7271BE14B6C848002A1520 = {
			isa = PBXGroup;
			children = (
				EE7271CC14B6C848002A1520 /* maioli */,
				EE7271CA14B6C848002A1520 /* Products */,
			);
			sourceTree = "<group>";
		};
		EE7271CA14B6C848002A1520 /* Products */ = {
			isa = PBXGroup;
			children = (
				EE7271C914B6C848002A1520 /* maioli */,
			);
			name = Products;
			sourceTree = "<group>";
		};
		EE7271CC14B6C848002A1520 /* maioli */ = {
			isa = PBXGroup;
			children = (
				EE7271DA14B6C8B7002A1520 /* PDU.cpp */,
				EE7271DB14B6C8B7002A1520 /* PDU.h */,
				EE7271CD14B6C848002A1520 /* main.cpp */,
				EE7271CF14B6C848002A1520 /* maioli.1 */,
			);
			path = maioli;
			sourceTree = "<group>";
		};
/* End PBXGroup section */

/* Begin PBXNativeTarget section */
		EE7271C814B6C848002A1520 /* maioli */ = {
			isa = PBXNativeTarget;
			buildConfigurationList = EE7271D314B6C848002A1520 /* Build configuration list for PBXNativeTarget "maioli" */;
			buildPhases = (
				EE7271C514B6C848002A1520 /* Sources */,
				EE7271C614B6C848002A1520 /* Frameworks */,
				EE7271C714B6C848002A1520 /* CopyFiles */,
			);
			buildRules = (
			);
			dependencies = (
			);
			name = maioli;
			productName = maioli;
			productReference = EE7271C914B6C848002A1520 /* maioli */;
			productType = "com.apple.product-type.tool";
		};
/* End PBXNativeTarget section */

/* Begin PBXProject section */
		EE7271C014B6C848002A1520 /* Project object */ = {
			isa = PBXProject;
			attributes = {
				LastUpgradeCheck = 0420;
			};
			buildConfigurationList = EE7271C314B6C848002A1520 /* Build configuration list for PBXProject "maioli" */;
			compatibilityVersion = "Xcode 3.2";
			developmentRegion = English;
			hasScannedForEncodings = 0;
			knownRegions = (
				en,
			);
			mainGroup = EE7271BE14B6C848002A1520;
			productRefGroup = EE7271CA14B6C848002A1520 /* Products */;
			projectDirPath = "";
			projectRoot = "";
			targets = (
				EE7271C814B6C848002A1520 /* maioli */,
			);
		};
/* End PBXProject section */

/* Begin PBXSourcesBuildPhase section */
		EE7271C514B6C848002A1520 /* Sources */ = {
			isa = PBXSourcesBuildPhase;
			buildActionMask = 2147483647;
			files = (
				EE7271CE14B6C848002A1520 /* main.cpp in Sources */,
				EE7271DC14B6C8B7002A1520 /* PDU.cpp in Sources */,
			);
			runOnlyForDeploymentPostprocessing = 0;
		};
/* End PBXSourcesBuildPhase section */

/* Begin XCBuildConfiguration section */
		EE7271D114B6C848002A1520 /* Debug */ = {
			isa = XCBuildConfiguration;
			buildSettings = {
				ALWAYS_SEARCH_USER_PATHS = NO;
				ARCHS = "$(ARCHS_STANDARD_64_BIT)";
				COPY_PHASE_STRIP = NO;
				GCC_C_LANGUAGE_STANDARD = gnu99;
				GCC_DYNAMIC_NO_PIC = NO;
				GCC_ENABLE_OBJC_EXCEPTIONS = YES;
				GCC_OPTIMIZATION_LEVEL = 0;
				GCC_PREPROCESSOR_DEFINITIONS = (
					"DEBUG=1",
					"$(inherited)",
				);
				GCC_SYMBOLS_PRIVATE_EXTERN = NO;
				GCC_VERSION = com.apple.compilers.llvm.clang.1_0;
				GCC_WARN_64_TO_32_BIT_CONVERSION = YES;
				GCC_WARN_ABOUT_MISSING_PROTOTYPES = YES;
				GCC_WARN_ABOUT_RETURN_TYPE = YES;
				GCC_WARN_UNUSED_VARIABLE = YES;
				MACOSX_DEPLOYMENT_TARGET = 10.6;
				ONLY_ACTIVE_ARCH = YES;
				SDKROOT = macosx;
			};
			name = Debug;
		};
		EE7271D214B6C848002A1520 /* Release */ = {
			isa = XCBuildConfiguration;
			buildSettings = {
				ALWAYS_SEARCH_USER_PATHS = NO;
				ARCHS = "$(ARCHS_STANDARD_64_BIT)";
				COPY_PHASE_STRIP = YES;
				DEBUG_INFORMATION_FORMAT = "dwarf-with-dsym";
				GCC_C_LANGUAGE_STANDARD = gnu99;
				GCC_ENABLE_OBJC_EXCEPTIONS = YES;
				GCC_VERSION = com.apple.compilers.llvm.clang.1_0;
				GCC_WARN_64_TO_32_BIT_CONVERSION = YES;
				GCC_WARN_ABOUT_MISSING_PROTOTYPES = YES;
				GCC_WARN_ABOUT_RETURN_TYPE = YES;
				GCC_WARN_UNUSED_VARIABLE = YES;
				MACOSX_DEPLOYMENT_TARGET = 10.6;
				SDKROOT = macosx;
			};
			name = Release;
		};
		EE7271D414B6C848002A1520 /* Debug */ = {
			isa = XCBuildConfiguration;
			buildSettings = {
				PRODUCT_NAME = "$(TARGET_NAME)";
			};
			name = Debug;
		};
		EE7271D514B6C848002A1520 /* Release */ = {
			isa = XCBuildConfiguration;
			buildSettings = {
				PRODUCT_NAME = "$(TARGET_NAME)";
			};
			name = Release;
		};
/* End XCBuildConfiguration section */

/* Begin XCConfigurationList section */
		EE7271C314B6C848002A1520 /* Build configuration list for PBXProject "maioli" */ = {
			isa = XCConfigurationList;
			buildConfigurations = (
				EE7271D114B6C848002A1520 /* Debug */,
				EE7271D214B6C848002A1520 /* Release */,
			);
			defaultConfigurationIsVisible = 0;
			defaultConfigurationName = Release;
		};
		EE7271D314B6C848002A1520 /* Build configuration list for PBXNativeTarget "maioli" */ = {
			isa = XCConfigurationList;
			buildConfigurations = (
				EE7271D414B6C848002A1520 /* Debug */,
				EE7271D514B6C848002A1520 /* Release */,
			);
			defaultConfigurationIsVisible = 0;
			defaultConfigurationName = Release;
		};
/* End XCConfigurationList section */
	};
	rootObject = EE7271C014B6C848002A1520 /* Project object */;
}
